
Microsoft Visual Studio Solution File, Format Version 12.00
# Visual Studio Version 17
VisualStudioVersion = 17.9.34407.89
MinimumVisualStudioVersion = 10.0.40219.1
Project("{9A19103F-16F7-4668-BE54-9A1E7A4F7556}") = "CrudOPCollabGit", "CrudOPCollabGit.csproj", "{1AF879AC-C964-453B-8030-2C002EACA456}"
EndProject
Global
	GlobalSection(SolutionConfigurationPlatforms) = preSolution
		Debug|Any CPU = Debug|Any CPU
		Release|Any CPU = Release|Any CPU
	EndGlobalSection
	GlobalSection(ProjectConfigurationPlatforms) = postSolution
		{1AF879AC-C964-453B-8030-2C002EACA456}.Debug|Any CPU.ActiveCfg = Debug|Any CPU
		{1AF879AC-C964-453B-8030-2C002EACA456}.Debug|Any CPU.Build.0 = Debug|Any CPU
		{1AF879AC-C964-453B-8030-2C002EACA456}.Release|Any CPU.ActiveCfg = Release|Any CPU
		{1AF879AC-C964-453B-8030-2C002EACA456}.Release|Any CPU.Build.0 = Release|Any CPU
	EndGlobalSection
	GlobalSection(SolutionProperties) = preSolution
		HideSolutionNode = FALSE
	EndGlobalSection
	GlobalSection(ExtensibilityGlobals) = postSolution
		SolutionGuid = {5C2A9391-240C-49F5-820D-60CC2C769F15}
	EndGlobalSection
EndGlobal
